
Microsoft Visual Studio Solution File, Format Version 12.00
# Visual Studio Version 17
VisualStudioVersion = 17.9.34607.119
MinimumVisualStudioVersion = 10.0.40219.1
Project("{FAE04EC0-301F-11D3-BF4B-00C04F79EFBC}") = "AdoNetHelpersLibrary", "AdoNetHelpersLibrary.csproj", "{5008B672-7221-4FB4-8D6A-84DD849DE468}"
EndProject
Global
	GlobalSection(SolutionConfigurationPlatforms) = preSolution
		Debug|Any CPU = Debug|Any CPU
		Release|Any CPU = Release|Any CPU
	EndGlobalSection
	GlobalSection(ProjectConfigurationPlatforms) = postSolution
		{5008B672-7221-4FB4-8D6A-84DD849DE468}.Debug|Any CPU.ActiveCfg = Debug|Any CPU
		{5008B672-7221-4FB4-8D6A-84DD849DE468}.Debug|Any CPU.Build.0 = Debug|Any CPU
		{5008B672-7221-4FB4-8D6A-84DD849DE468}.Release|Any CPU.ActiveCfg = Release|Any CPU
		{5008B672-7221-4FB4-8D6A-84DD849DE468}.Release|Any CPU.Build.0 = Release|Any CPU
	EndGlobalSection
	GlobalSection(SolutionProperties) = preSolution
		HideSolutionNode = FALSE
	EndGlobalSection
	GlobalSection(ExtensibilityGlobals) = postSolution
		SolutionGuid = {19964A65-EE2B-460E-A0F6-E564A4F67B04}
	EndGlobalSection
EndGlobal
